
Microsoft Visual Studio Solution File, Format Version 12.00
# Visual Studio 15
VisualStudioVersion = 15.0.28010.2003
MinimumVisualStudioVersion = 10.0.40219.1
Project("{FAE04EC0-301F-11D3-BF4B-00C04F79EFBC}") = "ExemploXml", "ExemploXml\ExemploXml.csproj", "{1883E0DC-5BFC-41B4-B40D-3FC1E70EE4ED}"
EndProject
Global
	GlobalSection(SolutionConfigurationPlatforms) = preSolution
		Debug|Any CPU = Debug|Any CPU
		Release|Any CPU = Release|Any CPU
	EndGlobalSection
	GlobalSection(ProjectConfigurationPlatforms) = postSolution
		{1883E0DC-5BFC-41B4-B40D-3FC1E70EE4ED}.Debug|Any CPU.ActiveCfg = Debug|Any CPU
		{1883E0DC-5BFC-41B4-B40D-3FC1E70EE4ED}.Debug|Any CPU.Build.0 = Debug|Any CPU
		{1883E0DC-5BFC-41B4-B40D-3FC1E70EE4ED}.Release|Any CPU.ActiveCfg = Release|Any CPU
		{1883E0DC-5BFC-41B4-B40D-3FC1E70EE4ED}.Release|Any CPU.Build.0 = Release|Any CPU
	EndGlobalSection
	GlobalSection(SolutionProperties) = preSolution
		HideSolutionNode = FALSE
	EndGlobalSection
	GlobalSection(ExtensibilityGlobals) = postSolution
		SolutionGuid = {671ECABD-059B-4FC6-9512-1119B55535FE}
	EndGlobalSection
EndGlobal
